
Microsoft Visual Studio Solution File, Format Version 12.00
# Visual Studio Version 17
VisualStudioVersion = 17.2.32519.379
MinimumVisualStudioVersion = 10.0.40219.1
Project("{FAE04EC0-301F-11D3-BF4B-00C04F79EFBC}") = "AndesExpress", "AndesExpress\AndesExpress.csproj", "{CFE4FA45-052F-49B9-8415-22A0DE263A0A}"
EndProject
Global
	GlobalSection(SolutionConfigurationPlatforms) = preSolution
		Debug|Any CPU = Debug|Any CPU
		Release|Any CPU = Release|Any CPU
	EndGlobalSection
	GlobalSection(ProjectConfigurationPlatforms) = postSolution
		{CFE4FA45-052F-49B9-8415-22A0DE263A0A}.Debug|Any CPU.ActiveCfg = Debug|Any CPU
		{CFE4FA45-052F-49B9-8415-22A0DE263A0A}.Debug|Any CPU.Build.0 = Debug|Any CPU
		{CFE4FA45-052F-49B9-8415-22A0DE263A0A}.Release|Any CPU.ActiveCfg = Release|Any CPU
		{CFE4FA45-052F-49B9-8415-22A0DE263A0A}.Release|Any CPU.Build.0 = Release|Any CPU
	EndGlobalSection
	GlobalSection(SolutionProperties) = preSolution
		HideSolutionNode = FALSE
	EndGlobalSection
	GlobalSection(ExtensibilityGlobals) = postSolution
		SolutionGuid = {BE5B4B15-45DA-452D-A0D3-0BEFC382138C}
	EndGlobalSection
EndGlobal
